// !$*UTF8*$!
{
	archiveVersion = 1;
	classes = {
	};
	objectVersion = 77;
	objects = {

/* Begin PBXContainerItemProxy section */
		07D5980A2CF8F7C500C54EB7 /* PBXContainerItemProxy */ = {
			isa = PBXContainerItemProxy;
			containerPortal = 07D597F02CF8F7C400C54EB7 /* Project object */;
			proxyType = 1;
			remoteGlobalIDString = 07D597F72CF8F7C400C54EB7;
			remoteInfo = Blockers;
		};
		07D598142CF8F7C500C54EB7 /* PBXContainerItemProxy */ = {
			isa = PBXContainerItemProxy;
			containerPortal = 07D597F02CF8F7C400C54EB7 /* Project object */;
			proxyType = 1;
			remoteGlobalIDString = 07D597F72CF8F7C400C54EB7;
			remoteInfo = Blockers;
		};
/* End PBXContainerItemProxy section */

/* Begin PBXFileReference section */
		07D597F82CF8F7C400C54EB7 /* Blockers.app */ = {isa = PBXFileReference; explicitFileType = wrapper.application; includeInIndex = 0; path = Blockers.app; sourceTree = BUILT_PRODUCTS_DIR; };
		07D598092CF8F7C500C54EB7 /* BlockersTests.xctest */ = {isa = PBXFileReference; explicitFileType = wrapper.cfbundle; includeInIndex = 0; path = BlockersTests.xctest; sourceTree = BUILT_PRODUCTS_DIR; };
		07D598132CF8F7C500C54EB7 /* BlockersUITests.xctest */ = {isa = PBXFileReference; explicitFileType = wrapper.cfbundle; includeInIndex = 0; path = BlockersUITests.xctest; sourceTree = BUILT_PRODUCTS_DIR; };
/* End PBXFileReference section */

/* Begin PBXFileSystemSynchronizedRootGroup section */
		07D597FA2CF8F7C400C54EB7 /* Blockers */ = {
			isa = PBXFileSystemSynchronizedRootGroup;
			path = Blockers;
			sourceTree = "<group>";
		};
		07D5980C2CF8F7C500C54EB7 /* BlockersTests */ = {
			isa = PBXFileSystemSynchronizedRootGroup;
			path = BlockersTests;
			sourceTree = "<group>";
		};
		07D598162CF8F7C500C54EB7 /* BlockersUITests */ = {
			isa = PBXFileSystemSynchronizedRootGroup;
			path = BlockersUITests;
			sourceTree = "<group>";
		};
/* End PBXFileSystemSynchronizedRootGroup section */

/* Begin PBXFrameworksBuildPhase section */
		07D597F52CF8F7C400C54EB7 /* Frameworks */ = {
			isa = PBXFrameworksBuildPhase;
			buildActionMask = 2147483647;
			files = (
			);
			runOnlyForDeploymentPostprocessing = 0;
		};
		07D598062CF8F7C500C54EB7 /* Frameworks */ = {
			isa = PBXFrameworksBuildPhase;
			buildActionMask = 2147483647;
			files = (
			);
			runOnlyForDeploymentPostprocessing = 0;
		};
		07D598102CF8F7C500C54EB7 /* Frameworks */ = {
			isa = PBXFrameworksBuildPhase;
			buildActionMask = 2147483647;
			files = (
			);
			runOnlyForDeploymentPostprocessing = 0;
		};
/* End PBXFrameworksBuildPhase section */

/* Begin PBXGroup section */
		07D597EF2CF8F7C400C54EB7 = {
			isa = PBXGroup;
			children = (
				07D597FA2CF8F7C400C54EB7 /* Blockers */,
				07D5980C2CF8F7C500C54EB7 /* BlockersTests */,
				07D598162CF8F7C500C54EB7 /* BlockersUITests */,
				07D597F92CF8F7C400C54EB7 /* Products */,
			);
			sourceTree = "<group>";
		};
		07D597F92CF8F7C400C54EB7 /* Products */ = {
			isa = PBXGroup;
			children = (
				07D597F82CF8F7C400C54EB7 /* Blockers.app */,
				07D598092CF8F7C500C54EB7 /* BlockersTests.xctest */,
				07D598132CF8F7C500C54EB7 /* BlockersUITests.xctest */,
			);
			name = Products;
			sourceTree = "<group>";
		};
/* End PBXGroup section */

/* Begin PBXNativeTarget section */
		07D597F72CF8F7C400C54EB7 /* Blockers */ = {
			isa = PBXNativeTarget;
			buildConfigurationList = 07D5981D2CF8F7C500C54EB7 /* Build configuration list for PBXNativeTarget "Blockers" */;
			buildPhases = (
				07D597F42CF8F7C400C54EB7 /* Sources */,
				07D597F52CF8F7C400C54EB7 /* Frameworks */,
				07D597F62CF8F7C400C54EB7 /* Resources */,
			);
			buildRules = (
			);
			dependencies = (
			);
			fileSystemSynchronizedGroups = (
				07D597FA2CF8F7C400C54EB7 /* Blockers */,
			);
			name = Blockers;
			packageProductDependencies = (
			);
			productName = Blockers;
			productReference = 07D597F82CF8F7C400C54EB7 /* Blockers.app */;
			productType = "com.apple.product-type.application";
		};
		07D598082CF8F7C500C54EB7 /* BlockersTests */ = {
			isa = PBXNativeTarget;
			buildConfigurationList = 07D598202CF8F7C500C54EB7 /* Build configuration list for PBXNativeTarget "BlockersTests" */;
			buildPhases = (
				07D598052CF8F7C500C54EB7 /* Sources */,
				07D598062CF8F7C500C54EB7 /* Frameworks */,
				07D598072CF8F7C500C54EB7 /* Resources */,
			);
			buildRules = (
			);
			dependencies = (
				07D5980B2CF8F7C500C54EB7 /* PBXTargetDependency */,
			);
			fileSystemSynchronizedGroups = (
				07D5980C2CF8F7C500C54EB7 /* BlockersTests */,
			);
			name = BlockersTests;
			packageProductDependencies = (
			);
			productName = BlockersTests;
			productReference = 07D598092CF8F7C500C54EB7 /* BlockersTests.xctest */;
			productType = "com.apple.product-type.bundle.unit-test";
		};
		07D598122CF8F7C500C54EB7 /* BlockersUITests */ = {
			isa = PBXNativeTarget;
			buildConfigurationList = 07D598232CF8F7C500C54EB7 /* Build configuration list for PBXNativeTarget "BlockersUITests" */;
			buildPhases = (
				07D5980F2CF8F7C500C54EB7 /* Sources */,
				07D598102CF8F7C500C54EB7 /* Frameworks */,
				07D598112CF8F7C500C54EB7 /* Resources */,
			);
			buildRules = (
			);
			dependencies = (
				07D598152CF8F7C500C54EB7 /* PBXTargetDependency */,
			);
			fileSystemSynchronizedGroups = (
				07D598162CF8F7C500C54EB7 /* BlockersUITests */,
			);
			name = BlockersUITests;
			packageProductDependencies = (
			);
			productName = BlockersUITests;
			productReference = 07D598132CF8F7C500C54EB7 /* BlockersUITests.xctest */;
			productType = "com.apple.product-type.bundle.ui-testing";
		};
/* End PBXNativeTarget section */

/* Begin PBXProject section */
		07D597F02CF8F7C400C54EB7 /* Project object */ = {
			isa = PBXProject;
			attributes = {
				BuildIndependentTargetsInParallel = 1;
				LastSwiftUpdateCheck = 1610;
				LastUpgradeCheck = 1610;
				TargetAttributes = {
					07D597F72CF8F7C400C54EB7 = {
						CreatedOnToolsVersion = 16.1;
					};
					07D598082CF8F7C500C54EB7 = {
						CreatedOnToolsVersion = 16.1;
						TestTargetID = 07D597F72CF8F7C400C54EB7;
					};
					07D598122CF8F7C500C54EB7 = {
						CreatedOnToolsVersion = 16.1;
						TestTargetID = 07D597F72CF8F7C400C54EB7;
					};
				};
			};
			buildConfigurationList = 07D597F32CF8F7C400C54EB7 /* Build configuration list for PBXProject "Blockers" */;
			developmentRegion = en;
			hasScannedForEncodings = 0;
			knownRegions = (
				en,
				Base,
			);
			mainGroup = 07D597EF2CF8F7C400C54EB7;
			minimizedProjectReferenceProxies = 1;
			preferredProjectObjectVersion = 77;
			productRefGroup = 07D597F92CF8F7C400C54EB7 /* Products */;
			projectDirPath = "";
			projectRoot = "";
			targets = (
				07D597F72CF8F7C400C54EB7 /* Blockers */,
				07D598082CF8F7C500C54EB7 /* BlockersTests */,
				07D598122CF8F7C500C54EB7 /* BlockersUITests */,
			);
		};
/* End PBXProject section */

/* Begin PBXResourcesBuildPhase section */
		07D597F62CF8F7C400C54EB7 /* Resources */ = {
			isa = PBXResourcesBuildPhase;
			buildActionMask = 2147483647;
			files = (
			);
			runOnlyForDeploymentPostprocessing = 0;
		};
		07D598072CF8F7C500C54EB7 /* Resources */ = {
			isa = PBXResourcesBuildPhase;
			buildActionMask = 2147483647;
			files = (
			);
			runOnlyForDeploymentPostprocessing = 0;
		};
		07D598112CF8F7C500C54EB7 /* Resources */ = {
			isa = PBXResourcesBuildPhase;
			buildActionMask = 2147483647;
			files = (
			);
			runOnlyForDeploymentPostprocessing = 0;
		};
/* End PBXResourcesBuildPhase section */

/* Begin PBXSourcesBuildPhase section */
		07D597F42CF8F7C400C54EB7 /* Sources */ = {
			isa = PBXSourcesBuildPhase;
			buildActionMask = 2147483647;
			files = (
			);
			runOnlyForDeploymentPostprocessing = 0;
		};
		07D598052CF8F7C500C54EB7 /* Sources */ = {
			isa = PBXSourcesBuildPhase;
			buildActionMask = 2147483647;
			files = (
			);
			runOnlyForDeploymentPostprocessing = 0;
		};
		07D5980F2CF8F7C500C54EB7 /* Sources */ = {
			isa = PBXSourcesBuildPhase;
			buildActionMask = 2147483647;
			files = (
			);
			runOnlyForDeploymentPostprocessing = 0;
		};
/* End PBXSourcesBuildPhase section */

/* Begin PBXTargetDependency section */
		07D5980B2CF8F7C500C54EB7 /* PBXTargetDependency */ = {
			isa = PBXTargetDependency;
			target = 07D597F72CF8F7C400C54EB7 /* Blockers */;
			targetProxy = 07D5980A2CF8F7C500C54EB7 /* PBXContainerItemProxy */;
		};
		07D598152CF8F7C500C54EB7 /* PBXTargetDependency */ = {
			isa = PBXTargetDependency;
			target = 07D597F72CF8F7C400C54EB7 /* Blockers */;
			targetProxy = 07D598142CF8F7C500C54EB7 /* PBXContainerItemProxy */;
		};
/* End PBXTargetDependency section */

/* Begin XCBuildConfiguration section */
		07D5981B2CF8F7C500C54EB7 /* Debug */ = {
			isa = XCBuildConfiguration;
			buildSettings = {
				ALWAYS_SEARCH_USER_PATHS = NO;
				ASSETCATALOG_COMPILER_GENERATE_SWIFT_ASSET_SYMBOL_EXTENSIONS = YES;
				CLANG_ANALYZER_NONNULL = YES;
				CLANG_ANALYZER_NUMBER_OBJECT_CONVERSION = YES_AGGRESSIVE;
				CLANG_CXX_LANGUAGE_STANDARD = "gnu++20";
				CLANG_ENABLE_MODULES = YES;
				CLANG_ENABLE_OBJC_ARC = YES;
				CLANG_ENABLE_OBJC_WEAK = YES;
				CLANG_WARN_BLOCK_CAPTURE_AUTORELEASING = YES;
				CLANG_WARN_BOOL_CONVERSION = YES;
				CLANG_WARN_COMMA = YES;
				CLANG_WARN_CONSTANT_CONVERSION = YES;
				CLANG_WARN_DEPRECATED_OBJC_IMPLEMENTATIONS = YES;
				CLANG_WARN_DIRECT_OBJC_ISA_USAGE = YES_ERROR;
				CLANG_WARN_DOCUMENTATION_COMMENTS = YES;
				CLANG_WARN_EMPTY_BODY = YES;
				CLANG_WARN_ENUM_CONVERSION = YES;
				CLANG_WARN_INFINITE_RECURSION = YES;
				CLANG_WARN_INT_CONVERSION = YES;
				CLANG_WARN_NON_LITERAL_NULL_CONVERSION = YES;
				CLANG_WARN_OBJC_IMPLICIT_RETAIN_SELF = YES;
				CLANG_WARN_OBJC_LITERAL_CONVERSION = YES;
				CLANG_WARN_OBJC_ROOT_CLASS = YES_ERROR;
				CLANG_WARN_QUOTED_INCLUDE_IN_FRAMEWORK_HEADER = YES;
				CLANG_WARN_RANGE_LOOP_ANALYSIS = YES;
				CLANG_WARN_STRICT_PROTOTYPES = YES;
				CLANG_WARN_SUSPICIOUS_MOVE = YES;
				CLANG_WARN_UNGUARDED_AVAILABILITY = YES_AGGRESSIVE;
				CLANG_WARN_UNREACHABLE_CODE = YES;
				CLANG_WARN__DUPLICATE_METHOD_MATCH = YES;
				COPY_PHASE_STRIP = NO;
				DEBUG_INFORMATION_FORMAT = dwarf;
				ENABLE_STRICT_OBJC_MSGSEND = YES;
				ENABLE_TESTABILITY = YES;
				ENABLE_USER_SCRIPT_SANDBOXING = YES;
				GCC_C_LANGUAGE_STANDARD = gnu17;
				GCC_DYNAMIC_NO_PIC = NO;
				GCC_NO_COMMON_BLOCKS = YES;
				GCC_OPTIMIZATION_LEVEL = 0;
				GCC_PREPROCESSOR_DEFINITIONS = (
					"DEBUG=1",
					"$(inherited)",
				);
				GCC_WARN_64_TO_32_BIT_CONVERSION = YES;
				GCC_WARN_ABOUT_RETURN_TYPE = YES_ERROR;
				GCC_WARN_UNDECLARED_SELECTOR = YES;
				GCC_WARN_UNINITIALIZED_AUTOS = YES_AGGRESSIVE;
				GCC_WARN_UNUSED_FUNCTION = YES;
				GCC_WARN_UNUSED_VARIABLE = YES;
				LOCALIZATION_PREFERS_STRING_CATALOGS = YES;
				MACOSX_DEPLOYMENT_TARGET = 15.1;
				MTL_ENABLE_DEBUG_INFO = INCLUDE_SOURCE;
				MTL_FAST_MATH = YES;
				ONLY_ACTIVE_ARCH = YES;
				SDKROOT = macosx;
				SWIFT_ACTIVE_COMPILATION_CONDITIONS = "DEBUG $(inherited)";
				SWIFT_OPTIMIZATION_LEVEL = "-Onone";
			};
			name = Debug;
		};
		07D5981C2CF8F7C500C54EB7 /* Release */ = {
			isa = XCBuildConfiguration;
			buildSettings = {
				ALWAYS_SEARCH_USER_PATHS = NO;
				ASSETCATALOG_COMPILER_GENERATE_SWIFT_ASSET_SYMBOL_EXTENSIONS = YES;
				CLANG_ANALYZER_NONNULL = YES;
				CLANG_ANALYZER_NUMBER_OBJECT_CONVERSION = YES_AGGRESSIVE;
				CLANG_CXX_LANGUAGE_STANDARD = "gnu++20";
				CLANG_ENABLE_MODULES = YES;
				CLANG_ENABLE_OBJC_ARC = YES;
				CLANG_ENABLE_OBJC_WEAK = YES;
				CLANG_WARN_BLOCK_CAPTURE_AUTORELEASING = YES;
				CLANG_WARN_BOOL_CONVERSION = YES;
				CLANG_WARN_COMMA = YES;
				CLANG_WARN_CONSTANT_CONVERSION = YES;
				CLANG_WARN_DEPRECATED_OBJC_IMPLEMENTATIONS = YES;
				CLANG_WARN_DIRECT_OBJC_ISA_USAGE = YES_ERROR;
				CLANG_WARN_DOCUMENTATION_COMMENTS = YES;
				CLANG_WARN_EMPTY_BODY = YES;
				CLANG_WARN_ENUM_CONVERSION = YES;
				CLANG_WARN_INFINITE_RECURSION = YES;
				CLANG_WARN_INT_CONVERSION = YES;
				CLANG_WARN_NON_LITERAL_NULL_CONVERSION = YES;
				CLANG_WARN_OBJC_IMPLICIT_RETAIN_SELF = YES;
				CLANG_WARN_OBJC_LITERAL_CONVERSION = YES;
				CLANG_WARN_OBJC_ROOT_CLASS = YES_ERROR;
				CLANG_WARN_QUOTED_INCLUDE_IN_FRAMEWORK_HEADER = YES;
				CLANG_WARN_RANGE_LOOP_ANALYSIS = YES;
				CLANG_WARN_STRICT_PROTOTYPES = YES;
				CLANG_WARN_SUSPICIOUS_MOVE = YES;
				CLANG_WARN_UNGUARDED_AVAILABILITY = YES_AGGRESSIVE;
				CLANG_WARN_UNREACHABLE_CODE = YES;
				CLANG_WARN__DUPLICATE_METHOD_MATCH = YES;
				COPY_PHASE_STRIP = NO;
				DEBUG_INFORMATION_FORMAT = "dwarf-with-dsym";
				ENABLE_NS_ASSERTIONS = NO;
				ENABLE_STRICT_OBJC_MSGSEND = YES;
				ENABLE_USER_SCRIPT_SANDBOXING = YES;
				GCC_C_LANGUAGE_STANDARD = gnu17;
				GCC_NO_COMMON_BLOCKS = YES;
				GCC_WARN_64_TO_32_BIT_CONVERSION = YES;
				GCC_WARN_ABOUT_RETURN_TYPE = YES_ERROR;
				GCC_WARN_UNDECLARED_SELECTOR = YES;
				GCC_WARN_UNINITIALIZED_AUTOS = YES_AGGRESSIVE;
				GCC_WARN_UNUSED_FUNCTION = YES;
				GCC_WARN_UNUSED_VARIABLE = YES;
				LOCALIZATION_PREFERS_STRING_CATALOGS = YES;
				MACOSX_DEPLOYMENT_TARGET = 15.1;
				MTL_ENABLE_DEBUG_INFO = NO;
				MTL_FAST_MATH = YES;
				SDKROOT = macosx;
				SWIFT_COMPILATION_MODE = wholemodule;
			};
			name = Release;
		};
		07D5981E2CF8F7C500C54EB7 /* Debug */ = {
			isa = XCBuildConfiguration;
			buildSettings = {
				ASSETCATALOG_COMPILER_APPICON_NAME = AppIcon;
				ASSETCATALOG_COMPILER_GLOBAL_ACCENT_COLOR_NAME = AccentColor;
				CODE_SIGN_ENTITLEMENTS = Blockers/Blockers.entitlements;
				CODE_SIGN_STYLE = Automatic;
				COMBINE_HIDPI_IMAGES = YES;
				CURRENT_PROJECT_VERSION = 1;
				DEVELOPMENT_ASSET_PATHS = "\"Blockers/Preview Content\"";
				DEVELOPMENT_TEAM = GH98F3HHUU;
				ENABLE_HARDENED_RUNTIME = YES;
				ENABLE_PREVIEWS = YES;
				GENERATE_INFOPLIST_FILE = YES;
				INFOPLIST_KEY_NSHumanReadableCopyright = "";
				LD_RUNPATH_SEARCH_PATHS = (
					"$(inherited)",
					"@executable_path/../Frameworks",
				);
				MARKETING_VERSION = 1.0;
				PRODUCT_BUNDLE_IDENTIFIER = org.devwiki.Blockers;
				PRODUCT_NAME = "$(TARGET_NAME)";
				SWIFT_EMIT_LOC_STRINGS = YES;
				SWIFT_VERSION = 5.0;
			};
			name = Debug;
		};
		07D5981F2CF8F7C500C54EB7 /* Release */ = {
			isa = XCBuildConfiguration;
			buildSettings = {
				ASSETCATALOG_COMPILER_APPICON_NAME = AppIcon;
				ASSETCATALOG_COMPILER_GLOBAL_ACCENT_COLOR_NAME = AccentColor;
				CODE_SIGN_ENTITLEMENTS = Blockers/Blockers.entitlements;
				CODE_SIGN_STYLE = Automatic;
				COMBINE_HIDPI_IMAGES = YES;
				CURRENT_PROJECT_VERSION = 1;
				DEVELOPMENT_ASSET_PATHS = "\"Blockers/Preview Content\"";
				DEVELOPMENT_TEAM = GH98F3HHUU;
				ENABLE_HARDENED_RUNTIME = YES;
				ENABLE_PREVIEWS = YES;
				GENERATE_INFOPLIST_FILE = YES;
				INFOPLIST_KEY_NSHumanReadableCopyright = "";
				LD_RUNPATH_SEARCH_PATHS = (
					"$(inherited)",
					"@executable_path/../Frameworks",
				);
				MARKETING_VERSION = 1.0;
				PRODUCT_BUNDLE_IDENTIFIER = org.devwiki.Blockers;
				PRODUCT_NAME = "$(TARGET_NAME)";
				SWIFT_EMIT_LOC_STRINGS = YES;
				SWIFT_VERSION = 5.0;
			};
			name = Release;
		};
		07D598212CF8F7C500C54EB7 /* Debug */ = {
			isa = XCBuildConfiguration;
			buildSettings = {
				BUNDLE_LOADER = "$(TEST_HOST)";
				CODE_SIGN_STYLE = Automatic;
				CURRENT_PROJECT_VERSION = 1;
				DEVELOPMENT_TEAM = GH98F3HHUU;
				GENERATE_INFOPLIST_FILE = YES;
				MACOSX_DEPLOYMENT_TARGET = 15.1;
				MARKETING_VERSION = 1.0;
				PRODUCT_BUNDLE_IDENTIFIER = org.devwiki.BlockersTests;
				PRODUCT_NAME = "$(TARGET_NAME)";
				SWIFT_EMIT_LOC_STRINGS = NO;
				SWIFT_VERSION = 5.0;
				TEST_HOST = "$(BUILT_PRODUCTS_DIR)/Blockers.app/$(BUNDLE_EXECUTABLE_FOLDER_PATH)/Blockers";
			};
			name = Debug;
		};
		07D598222CF8F7C500C54EB7 /* Release */ = {
			isa = XCBuildConfiguration;
			buildSettings = {
				BUNDLE_LOADER = "$(TEST_HOST)";
				CODE_SIGN_STYLE = Automatic;
				CURRENT_PROJECT_VERSION = 1;
				DEVELOPMENT_TEAM = GH98F3HHUU;
				GENERATE_INFOPLIST_FILE = YES;
				MACOSX_DEPLOYMENT_TARGET = 15.1;
				MARKETING_VERSION = 1.0;
				PRODUCT_BUNDLE_IDENTIFIER = org.devwiki.BlockersTests;
				PRODUCT_NAME = "$(TARGET_NAME)";
				SWIFT_EMIT_LOC_STRINGS = NO;
				SWIFT_VERSION = 5.0;
				TEST_HOST = "$(BUILT_PRODUCTS_DIR)/Blockers.app/$(BUNDLE_EXECUTABLE_FOLDER_PATH)/Blockers";
			};
			name = Release;
		};
		07D598242CF8F7C500C54EB7 /* Debug */ = {
			isa = XCBuildConfiguration;
			buildSettings = {
				CODE_SIGN_STYLE = Automatic;
				CURRENT_PROJECT_VERSION = 1;
				DEVELOPMENT_TEAM = GH98F3HHUU;
				GENERATE_INFOPLIST_FILE = YES;
				MARKETING_VERSION = 1.0;
				PRODUCT_BUNDLE_IDENTIFIER = org.devwiki.BlockersUITests;
				PRODUCT_NAME = "$(TARGET_NAME)";
				SWIFT_EMIT_LOC_STRINGS = NO;
				SWIFT_VERSION = 5.0;
				TEST_TARGET_NAME = Blockers;
			};
			name = Debug;
		};
		07D598252CF8F7C500C54EB7 /* Release */ = {
			isa = XCBuildConfiguration;
			buildSettings = {
				CODE_SIGN_STYLE = Automatic;
				CURRENT_PROJECT_VERSION = 1;
				DEVELOPMENT_TEAM = GH98F3HHUU;
				GENERATE_INFOPLIST_FILE = YES;
				MARKETING_VERSION = 1.0;
				PRODUCT_BUNDLE_IDENTIFIER = org.devwiki.BlockersUITests;
				PRODUCT_NAME = "$(TARGET_NAME)";
				SWIFT_EMIT_LOC_STRINGS = NO;
				SWIFT_VERSION = 5.0;
				TEST_TARGET_NAME = Blockers;
			};
			name = Release;
		};
/* End XCBuildConfiguration section */

/* Begin XCConfigurationList section */
		07D597F32CF8F7C400C54EB7 /* Build configuration list for PBXProject "Blockers" */ = {
			isa = XCConfigurationList;
			buildConfigurations = (
				07D5981B2CF8F7C500C54EB7 /* Debug */,
				07D5981C2CF8F7C500C54EB7 /* Release */,
			);
			defaultConfigurationIsVisible = 0;
			defaultConfigurationName = Release;
		};
		07D5981D2CF8F7C500C54EB7 /* Build configuration list for PBXNativeTarget "Blockers" */ = {
			isa = XCConfigurationList;
			buildConfigurations = (
				07D5981E2CF8F7C500C54EB7 /* Debug */,
				07D5981F2CF8F7C500C54EB7 /* Release */,
			);
			defaultConfigurationIsVisible = 0;
			defaultConfigurationName = Release;
		};
		07D598202CF8F7C500C54EB7 /* Build configuration list for PBXNativeTarget "BlockersTests" */ = {
			isa = XCConfigurationList;
			buildConfigurations = (
				07D598212CF8F7C500C54EB7 /* Debug */,
				07D598222CF8F7C500C54EB7 /* Release */,
			);
			defaultConfigurationIsVisible = 0;
			defaultConfigurationName = Release;
		};
		07D598232CF8F7C500C54EB7 /* Build configuration list for PBXNativeTarget "BlockersUITests" */ = {
			isa = XCConfigurationList;
			buildConfigurations = (
				07D598242CF8F7C500C54EB7 /* Debug */,
				07D598252CF8F7C500C54EB7 /* Release */,
			);
			defaultConfigurationIsVisible = 0;
			defaultConfigurationName = Release;
		};
/* End XCConfigurationList section */
	};
	rootObject = 07D597F02CF8F7C400C54EB7 /* Project object */;
}
